{
  "version": 4,
  "terraform_version": "1.14.7",
  "serial": 24,
  "lineage": "d660fe9a-c23b-544c-e729-374521e74472",
  "outputs": {
    "public_ip": {
      "value": "51.120.83.46",
      "type": "string"
    }
  },
  "resources": [
    {
      "mode": "managed",
      "type": "azurerm_linux_virtual_machine",
      "name": "vm",
      "provider": "provider[\"registry.terraform.io/hashicorp/azurerm\"]",
      "instances": [
        {
          "schema_version": 0,
          "attributes": {
            "additional_capabilities": [],
            "admin_password": null,
            "admin_ssh_key": [
              {
                "public_key": "ssh-rsa AAAAB3NzaC1yc2EAAAADAQABAAACAQC+9YTtRZzaLhEDk1HS5YW1rUFGhYeKBgXJLXLWrsM7PZFJ5eHfiBcKAOR1Ad/XVHv0tOn/kpfYyskGds05YlW27G/PhwiU/31x6yXn9EfPk/2vStvp4/ic3ILvZeXqYqyoOLcIWa6N/ZZ2jOXYLGEGDN/WLi2J8MQ+ZTlbADJkQP8OF1PgsRBQh7X99EArBpXGKm7Gp/+418cQzaw5JWrTMXyccbNxvDRPAXWVTCtbPg/1kED5KwxoznqaLTHUW1F/OKw/8pd52u1aWxIwDGWSScXtxjwc9Wi4RpSx7Ds5KUoxHa+1ZVwENMIQ8ZYtGwv+/gWCaVXuDq8ENu4D+eqtlxtGh08XLhGzGkrqLMFGml5pCEoB5OwdvQJpkSXOGg5BC56NNIh+kSsQrhn1d3bcTDK6WOtA83Ni/xFU85oHQFyKPXKDxm73HCVsnRfd/CRh8Mx2HmwqoaeYOMtAYux4To8O9A2JpUXRpQMt/TVbtMhQV8Z/TgWrzwZH53YvlrTBb2QoCez3hKHMUzkxRz4oLO6eQ9JzTT8ZVQ4IdBK2O85FLlNntNsbOBSxIOrOA0WURXOmq1fDG5jago5dSisQ5SZDDKZhhqZ1ZiQV3eT1dVsHXqdfTdUHqinp/f4ZSNO8hvlg44YxtDCdMc6QOpN7FZoJP992ONPzZF3zM7Fohw== ekoivune24@students.oamk.fi",
                "username": "azureuser"
              }
            ],
            "admin_username": "azureuser",
            "allow_extension_operations": true,
            "availability_set_id": "",
            "boot_diagnostics": [],
            "bypass_platform_safety_checks_on_user_schedule_enabled": false,
            "capacity_reservation_group_id": "",
            "computer_name": "emil-vm",
            "custom_data": "77u/I2Nsb3VkLWNvbmZpZwpwYWNrYWdlX3VwZGF0ZTogdHJ1ZQpwYWNrYWdlczoKICAtIG5naW54Cgp3cml0ZV9maWxlczoKICAtIHBhdGg6IC92YXIvd3d3L2h0bWwvaW5kZXguaHRtbAogICAgb3duZXI6IHd3dy1kYXRhOnd3dy1kYXRhCiAgICBwZXJtaXNzaW9uczogJzA2NDQnCiAgICBjb250ZW50OiB8CiAgICAgIDwhZG9jdHlwZSBodG1sPgogICAgICA8aHRtbCBsYW5nPSJlbiI+CiAgICAgIDxoZWFkPgogICAgICAgIDxtZXRhIGNoYXJzZXQ9InV0Zi04IiAvPgogICAgICAgIDxtZXRhIG5hbWU9InZpZXdwb3J0IiBjb250ZW50PSJ3aWR0aD1kZXZpY2Utd2lkdGgsIGluaXRpYWwtc2NhbGU9MSIgLz4KICAgICAgICA8dGl0bGU+QXp1cmUgTkdJTlggRGVtbzwvdGl0bGU+CiAgICAgICAgPHN0eWxlPgogICAgICAgICAgYm9keSB7IGZvbnQtZmFtaWx5OiBzeXN0ZW0tdWksIC1hcHBsZS1zeXN0ZW0sIFNlZ29lIFVJLCBSb2JvdG8sIEFyaWFsLCBzYW5zLXNlcmlmOyBtYXJnaW46IDQwcHg7IH0KICAgICAgICAgIC5jYXJkIHsgbWF4LXdpZHRoOiA1MjBweDsgYm9yZGVyOiAxcHggc29saWQgI2U1ZTdlYjsgYm9yZGVyLXJhZGl1czogMTJweDsgcGFkZGluZzogMjRweDsgYm94LXNoYWRvdzogMCA2cHggMThweCByZ2JhKDAsMCwwLC4wNik7IH0KICAgICAgICAgIGgxIHsgbWFyZ2luOiAwIDAgOHB4OyBmb250LXNpemU6IDEuNzVyZW07IH0KICAgICAgICAgICNjbG9jayB7IGZvbnQtc2l6ZTogMS4yNXJlbTsgY29sb3I6ICMyNTYzZWI7IG1hcmdpbi1ib3R0b206IDEycHg7IH0KICAgICAgICAgICNjb3VudCB7IGZvbnQtd2VpZ2h0OiA3MDA7IGZvbnQtc2l6ZTogMS4ycmVtOyB9CiAgICAgICAgICBidXR0b24geyBiYWNrZ3JvdW5kOiAjMTExODI3OyBjb2xvcjogI2ZmZjsgYm9yZGVyOiBub25lOyBwYWRkaW5nOiAxMHB4IDE2cHg7IGJvcmRlci1yYWRpdXM6IDhweDsgY3Vyc29yOiBwb2ludGVyOyB9CiAgICAgICAgICBidXR0b246aG92ZXIgeyBiYWNrZ3JvdW5kOiAjMWYyOTM3OyB9CiAgICAgICAgICAubXV0ZWQgeyBjb2xvcjogIzZiNzI4MDsgbWFyZ2luLXRvcDogMTZweDsgZm9udC1zaXplOiAuOXJlbTsgfQogICAgICAgIDwvc3R5bGU+CiAgICAgIDwvaGVhZD4KICAgICAgPGJvZHk+CiAgICAgICAgPGRpdiBjbGFzcz0iY2FyZCI+CiAgICAgICAgICA8aDE+V2VsY29tZSA8L2gxPgogICAgICAgICAgPGRpdiBpZD0iY2xvY2siPi0tOi0tOi0tPC9kaXY+CiAgICAgICAgICA8cD5DbGljayBjb3VudDogPHNwYW4gaWQ9ImNvdW50Ij4wPC9zcGFuPjwvcD4KICAgICAgICAgIDxidXR0b24gaWQ9ImJ0biI+KzE8L2J1dHRvbj4KICAgICAgICAgIDxwIGNsYXNzPSJtdXRlZCI+Q291bnRlciBpcyBzYXZlZCBpbiB5b3VyIGJyb3dzZXIgKGxvY2FsU3RvcmFnZSkuPC9wPgogICAgICAgIDwvZGl2PgoKICAgICAgICA8c2NyaXB0PgogICAgICAgICAgLy8gTGl2ZSBjbG9jawogICAgICAgICAgY29uc3QgY2xvY2tFbCA9IGRvY3VtZW50LmdldEVsZW1lbnRCeUlkKCdjbG9jaycpOwogICAgICAgICAgY29uc3QgdGljayA9ICgpID0+IHsKICAgICAgICAgICAgY29uc3QgZCA9IG5ldyBEYXRlKCk7CiAgICAgICAgICAgIGNvbnN0IHBhZCA9IG4gPT4gU3RyaW5nKG4pLnBhZFN0YXJ0KDIsJzAnKTsKICAgICAgICAgICAgY2xvY2tFbC50ZXh0Q29udGVudCA9IGAke3BhZChkLmdldEhvdXJzKCkpfToke3BhZChkLmdldE1pbnV0ZXMoKSl9OiR7cGFkKGQuZ2V0U2Vjb25kcygpKX1gOwogICAgICAgICAgfTsKICAgICAgICAgIHRpY2soKTsgc2V0SW50ZXJ2YWwodGljaywgMTAwMCk7CgogICAgICAgICAgLy8gQ2xpY2sgY291bnRlciB3aXRoIGxvY2FsU3RvcmFnZQogICAgICAgICAgY29uc3QgS0VZID0gJ2NsaWNrX2NvdW50ZXInOwogICAgICAgICAgY29uc3QgY291bnRFbCA9IGRvY3VtZW50LmdldEVsZW1lbnRCeUlkKCdjb3VudCcpOwogICAgICAgICAgY29uc3QgYnRuID0gZG9jdW1lbnQuZ2V0RWxlbWVudEJ5SWQoJ2J0bicpOwogICAgICAgICAgbGV0IGNvdW50ID0gTnVtYmVyKGxvY2FsU3RvcmFnZS5nZXRJdGVtKEtFWSkgfHwgJzAnKTsKICAgICAgICAgIGNvdW50RWwudGV4dENvbnRlbnQgPSBjb3VudDsKCiAgICAgICAgICBidG4uYWRkRXZlbnRMaXN0ZW5lcignY2xpY2snLCAoKSA9PiB7CiAgICAgICAgICAgIGNvdW50ICs9IDE7CiAgICAgICAgICAgIGxvY2FsU3RvcmFnZS5zZXRJdGVtKEtFWSwgU3RyaW5nKGNvdW50KSk7CiAgICAgICAgICAgIGNvdW50RWwudGV4dENvbnRlbnQgPSBjb3VudDsKICAgICAgICAgIH0pOwogICAgICAgIDwvc2NyaXB0PgogICAgICA8L2JvZHk+CiAgICAgIDwvaHRtbD4KCnJ1bmNtZDoKICAtIHN5c3RlbWN0bCBlbmFibGUgbmdpbngKICAtIHN5c3RlbWN0bCByZXN0YXJ0IG5naW54",
            "dedicated_host_group_id": "",
            "dedicated_host_id": "",
            "disable_password_authentication": true,
            "disk_controller_type": "",
            "edge_zone": "",
            "encryption_at_host_enabled": false,
            "eviction_policy": "",
            "extensions_time_budget": "PT1H30M",
            "gallery_application": [],
            "id": "/subscriptions/20ca8995-682b-400f-aaa6-27fd96761251/resourceGroups/emil-rg/providers/Microsoft.Compute/virtualMachines/emil-vm",
            "identity": [],
            "license_type": "",
            "location": "norwayeast",
            "max_bid_price": -1,
            "name": "emil-vm",
            "network_interface_ids": [
              "/subscriptions/20ca8995-682b-400f-aaa6-27fd96761251/resourceGroups/emil-rg/providers/Microsoft.Network/networkInterfaces/emil-nic"
            ],
            "os_disk": [
              {
                "caching": "ReadWrite",
                "diff_disk_settings": [],
                "disk_encryption_set_id": "",
                "disk_size_gb": 30,
                "name": "emil-vm_OsDisk_1_a1ad2d7cda1c4f059259afb995153cf6",
                "secure_vm_disk_encryption_set_id": "",
                "security_encryption_type": "",
                "storage_account_type": "Standard_LRS",
                "write_accelerator_enabled": false
              }
            ],
            "os_image_notification": [],
            "patch_assessment_mode": "ImageDefault",
            "patch_mode": "ImageDefault",
            "plan": [],
            "platform_fault_domain": -1,
            "priority": "Regular",
            "private_ip_address": "10.10.1.4",
            "private_ip_addresses": [
              "10.10.1.4"
            ],
            "provision_vm_agent": true,
            "proximity_placement_group_id": "",
            "public_ip_address": "51.120.83.46",
            "public_ip_addresses": [
              "51.120.83.46"
            ],
            "reboot_setting": "",
            "resource_group_name": "emil-rg",
            "secret": [],
            "secure_boot_enabled": false,
            "size": "Standard_B2s_v2",
            "source_image_id": "",
            "source_image_reference": [
              {
                "offer": "0001-com-ubuntu-server-jammy",
                "publisher": "Canonical",
                "sku": "22_04-lts",
                "version": "latest"
              }
            ],
            "tags": null,
            "termination_notification": null,
            "timeouts": null,
            "user_data": "",
            "virtual_machine_id": "d5478a02-6d75-41ee-877a-2c26cbb3fad7",
            "virtual_machine_scale_set_id": "",
            "vm_agent_platform_updates_enabled": false,
            "vtpm_enabled": false,
            "zone": ""
          },
          "sensitive_attributes": [
            [
              {
                "type": "get_attr",
                "value": "admin_password"
              }
            ],
            [
              {
                "type": "get_attr",
                "value": "custom_data"
              }
            ]
          ],
          "identity_schema_version": 0,
          "private": "eyJlMmJmYjczMC1lY2FhLTExZTYtOGY4OC0zNDM2M2JjN2M0YzAiOnsiY3JlYXRlIjoyNzAwMDAwMDAwMDAwLCJkZWxldGUiOjI3MDAwMDAwMDAwMDAsInJlYWQiOjMwMDAwMDAwMDAwMCwidXBkYXRlIjoyNzAwMDAwMDAwMDAwfX0=",
          "dependencies": [
            "azurerm_network_interface.nic",
            "azurerm_public_ip.pip",
            "azurerm_resource_group.rg",
            "azurerm_subnet.subnet",
            "azurerm_virtual_network.vnet"
          ]
        }
      ]
    },
    {
      "mode": "managed",
      "type": "azurerm_network_interface",
      "name": "nic",
      "provider": "provider[\"registry.terraform.io/hashicorp/azurerm\"]",
      "instances": [
        {
          "schema_version": 0,
          "attributes": {
            "accelerated_networking_enabled": false,
            "applied_dns_servers": [],
            "auxiliary_mode": "",
            "auxiliary_sku": "",
            "dns_servers": [],
            "edge_zone": "",
            "enable_accelerated_networking": false,
            "enable_ip_forwarding": false,
            "id": "/subscriptions/20ca8995-682b-400f-aaa6-27fd96761251/resourceGroups/emil-rg/providers/Microsoft.Network/networkInterfaces/emil-nic",
            "internal_dns_name_label": "",
            "internal_domain_name_suffix": "",
            "ip_configuration": [
              {
                "gateway_load_balancer_frontend_ip_configuration_id": "",
                "name": "ipconfig1",
                "primary": true,
                "private_ip_address": "10.10.1.4",
                "private_ip_address_allocation": "Dynamic",
                "private_ip_address_version": "IPv4",
                "public_ip_address_id": "/subscriptions/20ca8995-682b-400f-aaa6-27fd96761251/resourceGroups/emil-rg/providers/Microsoft.Network/publicIPAddresses/emil-pip",
                "subnet_id": "/subscriptions/20ca8995-682b-400f-aaa6-27fd96761251/resourceGroups/emil-rg/providers/Microsoft.Network/virtualNetworks/emil-vnet/subnets/emil-subnet"
              }
            ],
            "ip_forwarding_enabled": false,
            "location": "norwayeast",
            "mac_address": "7C-ED-8D-F5-81-D5",
            "name": "emil-nic",
            "private_ip_address": "10.10.1.4",
            "private_ip_addresses": [
              "10.10.1.4"
            ],
            "resource_group_name": "emil-rg",
            "tags": {},
            "timeouts": null,
            "virtual_machine_id": "/subscriptions/20ca8995-682b-400f-aaa6-27fd96761251/resourceGroups/emil-rg/providers/Microsoft.Compute/virtualMachines/emil-vm"
          },
          "sensitive_attributes": [],
          "identity_schema_version": 0,
          "private": "eyJlMmJmYjczMC1lY2FhLTExZTYtOGY4OC0zNDM2M2JjN2M0YzAiOnsiY3JlYXRlIjoxODAwMDAwMDAwMDAwLCJkZWxldGUiOjE4MDAwMDAwMDAwMDAsInJlYWQiOjMwMDAwMDAwMDAwMCwidXBkYXRlIjoxODAwMDAwMDAwMDAwfX0=",
          "dependencies": [
            "azurerm_public_ip.pip",
            "azurerm_resource_group.rg",
            "azurerm_subnet.subnet",
            "azurerm_virtual_network.vnet"
          ]
        }
      ]
    },
    {
      "mode": "managed",
      "type": "azurerm_network_interface_security_group_association",
      "name": "nic_nsg",
      "provider": "provider[\"registry.terraform.io/hashicorp/azurerm\"]",
      "instances": [
        {
          "schema_version": 0,
          "attributes": {
            "id": "/subscriptions/20ca8995-682b-400f-aaa6-27fd96761251/resourceGroups/emil-rg/providers/Microsoft.Network/networkInterfaces/emil-nic|/subscriptions/20ca8995-682b-400f-aaa6-27fd96761251/resourceGroups/emil-rg/providers/Microsoft.Network/networkSecurityGroups/emil-nsg",
            "network_interface_id": "/subscriptions/20ca8995-682b-400f-aaa6-27fd96761251/resourceGroups/emil-rg/providers/Microsoft.Network/networkInterfaces/emil-nic",
            "network_security_group_id": "/subscriptions/20ca8995-682b-400f-aaa6-27fd96761251/resourceGroups/emil-rg/providers/Microsoft.Network/networkSecurityGroups/emil-nsg",
            "timeouts": null
          },
          "sensitive_attributes": [],
          "identity_schema_version": 0,
          "private": "eyJlMmJmYjczMC1lY2FhLTExZTYtOGY4OC0zNDM2M2JjN2M0YzAiOnsiY3JlYXRlIjoxODAwMDAwMDAwMDAwLCJkZWxldGUiOjE4MDAwMDAwMDAwMDAsInJlYWQiOjMwMDAwMDAwMDAwMH19",
          "dependencies": [
            "azurerm_network_interface.nic",
            "azurerm_network_security_group.nsg",
            "azurerm_public_ip.pip",
            "azurerm_resource_group.rg",
            "azurerm_subnet.subnet",
            "azurerm_virtual_network.vnet"
          ]
        }
      ]
    },
    {
      "mode": "managed",
      "type": "azurerm_network_security_group",
      "name": "nsg",
      "provider": "provider[\"registry.terraform.io/hashicorp/azurerm\"]",
      "instances": [
        {
          "schema_version": 0,
          "attributes": {
            "id": "/subscriptions/20ca8995-682b-400f-aaa6-27fd96761251/resourceGroups/emil-rg/providers/Microsoft.Network/networkSecurityGroups/emil-nsg",
            "location": "norwayeast",
            "name": "emil-nsg",
            "resource_group_name": "emil-rg",
            "security_rule": [
              {
                "access": "Allow",
                "description": "",
                "destination_address_prefix": "*",
                "destination_address_prefixes": [],
                "destination_application_security_group_ids": [],
                "destination_port_range": "22",
                "destination_port_ranges": [],
                "direction": "Inbound",
                "name": "AllowSSH",
                "priority": 100,
                "protocol": "Tcp",
                "source_address_prefix": "*",
                "source_address_prefixes": [],
                "source_application_security_group_ids": [],
                "source_port_range": "*",
                "source_port_ranges": []
              },
              {
                "access": "Allow",
                "description": "",
                "destination_address_prefix": "*",
                "destination_address_prefixes": [],
                "destination_application_security_group_ids": [],
                "destination_port_range": "80",
                "destination_port_ranges": [],
                "direction": "Inbound",
                "name": "AllowHTTP",
                "priority": 110,
                "protocol": "Tcp",
                "source_address_prefix": "*",
                "source_address_prefixes": [],
                "source_application_security_group_ids": [],
                "source_port_range": "*",
                "source_port_ranges": []
              }
            ],
            "tags": {},
            "timeouts": null
          },
          "sensitive_attributes": [],
          "identity_schema_version": 0,
          "private": "eyJlMmJmYjczMC1lY2FhLTExZTYtOGY4OC0zNDM2M2JjN2M0YzAiOnsiY3JlYXRlIjoxODAwMDAwMDAwMDAwLCJkZWxldGUiOjE4MDAwMDAwMDAwMDAsInJlYWQiOjMwMDAwMDAwMDAwMCwidXBkYXRlIjoxODAwMDAwMDAwMDAwfX0=",
          "dependencies": [
            "azurerm_resource_group.rg"
          ]
        }
      ]
    },
    {
      "mode": "managed",
      "type": "azurerm_public_ip",
      "name": "pip",
      "provider": "provider[\"registry.terraform.io/hashicorp/azurerm\"]",
      "instances": [
        {
          "schema_version": 0,
          "attributes": {
            "allocation_method": "Static",
            "ddos_protection_mode": "VirtualNetworkInherited",
            "ddos_protection_plan_id": null,
            "domain_name_label": null,
            "edge_zone": "",
            "fqdn": null,
            "id": "/subscriptions/20ca8995-682b-400f-aaa6-27fd96761251/resourceGroups/emil-rg/providers/Microsoft.Network/publicIPAddresses/emil-pip",
            "idle_timeout_in_minutes": 4,
            "ip_address": "51.120.83.46",
            "ip_tags": {},
            "ip_version": "IPv4",
            "location": "norwayeast",
            "name": "emil-pip",
            "public_ip_prefix_id": null,
            "resource_group_name": "emil-rg",
            "reverse_fqdn": null,
            "sku": "Standard",
            "sku_tier": "Regional",
            "tags": {},
            "timeouts": null,
            "zones": []
          },
          "sensitive_attributes": [],
          "identity_schema_version": 0,
          "private": "eyJlMmJmYjczMC1lY2FhLTExZTYtOGY4OC0zNDM2M2JjN2M0YzAiOnsiY3JlYXRlIjoxODAwMDAwMDAwMDAwLCJkZWxldGUiOjE4MDAwMDAwMDAwMDAsInJlYWQiOjMwMDAwMDAwMDAwMCwidXBkYXRlIjoxODAwMDAwMDAwMDAwfX0=",
          "dependencies": [
            "azurerm_resource_group.rg"
          ]
        }
      ]
    },
    {
      "mode": "managed",
      "type": "azurerm_resource_group",
      "name": "rg",
      "provider": "provider[\"registry.terraform.io/hashicorp/azurerm\"]",
      "instances": [
        {
          "schema_version": 0,
          "attributes": {
            "id": "/subscriptions/20ca8995-682b-400f-aaa6-27fd96761251/resourceGroups/emil-rg",
            "location": "norwayeast",
            "managed_by": "",
            "name": "emil-rg",
            "tags": {},
            "timeouts": null
          },
          "sensitive_attributes": [],
          "identity_schema_version": 0,
          "private": "eyJlMmJmYjczMC1lY2FhLTExZTYtOGY4OC0zNDM2M2JjN2M0YzAiOnsiY3JlYXRlIjo1NDAwMDAwMDAwMDAwLCJkZWxldGUiOjU0MDAwMDAwMDAwMDAsInJlYWQiOjMwMDAwMDAwMDAwMCwidXBkYXRlIjo1NDAwMDAwMDAwMDAwfX0="
        }
      ]
    },
    {
      "mode": "managed",
      "type": "azurerm_subnet",
      "name": "subnet",
      "provider": "provider[\"registry.terraform.io/hashicorp/azurerm\"]",
      "instances": [
        {
          "schema_version": 0,
          "attributes": {
            "address_prefixes": [
              "10.10.1.0/24"
            ],
            "default_outbound_access_enabled": true,
            "delegation": [],
            "enforce_private_link_endpoint_network_policies": false,
            "enforce_private_link_service_network_policies": false,
            "id": "/subscriptions/20ca8995-682b-400f-aaa6-27fd96761251/resourceGroups/emil-rg/providers/Microsoft.Network/virtualNetworks/emil-vnet/subnets/emil-subnet",
            "name": "emil-subnet",
            "private_endpoint_network_policies": "Enabled",
            "private_endpoint_network_policies_enabled": true,
            "private_link_service_network_policies_enabled": true,
            "resource_group_name": "emil-rg",
            "service_endpoint_policy_ids": [],
            "service_endpoints": [],
            "timeouts": null,
            "virtual_network_name": "emil-vnet"
          },
          "sensitive_attributes": [],
          "identity_schema_version": 0,
          "private": "eyJlMmJmYjczMC1lY2FhLTExZTYtOGY4OC0zNDM2M2JjN2M0YzAiOnsiY3JlYXRlIjoxODAwMDAwMDAwMDAwLCJkZWxldGUiOjE4MDAwMDAwMDAwMDAsInJlYWQiOjMwMDAwMDAwMDAwMCwidXBkYXRlIjoxODAwMDAwMDAwMDAwfX0=",
          "dependencies": [
            "azurerm_resource_group.rg",
            "azurerm_virtual_network.vnet"
          ]
        }
      ]
    },
    {
      "mode": "managed",
      "type": "azurerm_virtual_network",
      "name": "vnet",
      "provider": "provider[\"registry.terraform.io/hashicorp/azurerm\"]",
      "instances": [
        {
          "schema_version": 0,
          "attributes": {
            "address_space": [
              "10.10.0.0/16"
            ],
            "bgp_community": "",
            "ddos_protection_plan": [],
            "dns_servers": [],
            "edge_zone": "",
            "encryption": [],
            "flow_timeout_in_minutes": 0,
            "guid": "8bad19d8-9959-47e8-9cec-934e60a40abd",
            "id": "/subscriptions/20ca8995-682b-400f-aaa6-27fd96761251/resourceGroups/emil-rg/providers/Microsoft.Network/virtualNetworks/emil-vnet",
            "location": "norwayeast",
            "name": "emil-vnet",
            "resource_group_name": "emil-rg",
            "subnet": [
              {
                "address_prefix": "10.10.1.0/24",
                "id": "/subscriptions/20ca8995-682b-400f-aaa6-27fd96761251/resourceGroups/emil-rg/providers/Microsoft.Network/virtualNetworks/emil-vnet/subnets/emil-subnet",
                "name": "emil-subnet",
                "security_group": ""
              }
            ],
            "tags": {},
            "timeouts": null
          },
          "sensitive_attributes": [],
          "identity_schema_version": 0,
          "private": "eyJlMmJmYjczMC1lY2FhLTExZTYtOGY4OC0zNDM2M2JjN2M0YzAiOnsiY3JlYXRlIjoxODAwMDAwMDAwMDAwLCJkZWxldGUiOjE4MDAwMDAwMDAwMDAsInJlYWQiOjMwMDAwMDAwMDAwMCwidXBkYXRlIjoxODAwMDAwMDAwMDAwfX0=",
          "dependencies": [
            "azurerm_resource_group.rg"
          ]
        }
      ]
    }
  ],
  "check_results": null
}
